{
  "lockfileVersion": 1,
  "configVersion": 1,
  "workspaces": {
    "": {
      "name": "mathocr-frontend",
      "dependencies": {
        "katex": "^0.16.0",
        "marked": "^15.0.0",
      },
    },
  },
  "packages": {
    "commander": ["commander@8.3.0", "https://registry.anpm.alibaba-inc.com/commander/-/commander-8.3.0.tgz", {}, "sha512-OkTL9umf+He2DZkUq8f8J9of7yL6RJKI24dVITBmNfZBmri9zYZQrKkuXiKhyfPSu8tUhnVBB1iKXevvnlR4Ww=="],

    "katex": ["katex@0.16.47", "https://registry.anpm.alibaba-inc.com/katex/-/katex-0.16.47.tgz", { "dependencies": { "commander": "^8.3.0" }, "bin": { "katex": "cli.js" } }, "sha512-Eeo8Ys1doU1z+x8AZsPpQu+p/QcZBI5PeOo7QGQdy2x2m0MU/hYagBbGOmXwr5KVbEfVuWv9LpnQWeehogurjg=="],

    "marked": ["marked@15.0.12", "https://registry.anpm.alibaba-inc.com/marked/-/marked-15.0.12.tgz", { "bin": { "marked": "bin/marked.js" } }, "sha512-8dD6FusOQSrpv9Z1rdNMdlSgQOIP880DHqnohobOmYLElGEqAL/JvxvuxZO16r4HtjTlfPRDC1hbvxC9dPN2nA=="],
  }
}
